
Microsoft Visual Studio Solution File, Format Version 12.00
# Visual Studio Version 16
VisualStudioVersion = 16.0.30611.23
MinimumVisualStudioVersion = 10.0.40219.1
Project("{8BC9CEB8-8B4A-11D0-8D11-00A0C91BC942}") = "HW 19.12.2022 pr 27 sl 34 - 35", "HW 19.12.2022 pr 27 sl 34 - 35.vcxproj", "{BBA11E55-77E6-47E2-81F8-909326D89E24}"
EndProject
Global
	GlobalSection(SolutionConfigurationPlatforms) = preSolution
		Debug|x64 = Debug|x64
		Debug|x86 = Debug|x86
		Release|x64 = Release|x64
		Release|x86 = Release|x86
	EndGlobalSection
	GlobalSection(ProjectConfigurationPlatforms) = postSolution
		{BBA11E55-77E6-47E2-81F8-909326D89E24}.Debug|x64.ActiveCfg = Debug|x64
		{BBA11E55-77E6-47E2-81F8-909326D89E24}.Debug|x64.Build.0 = Debug|x64
		{BBA11E55-77E6-47E2-81F8-909326D89E24}.Debug|x86.ActiveCfg = Debug|Win32
		{BBA11E55-77E6-47E2-81F8-909326D89E24}.Debug|x86.Build.0 = Debug|Win32
		{BBA11E55-77E6-47E2-81F8-909326D89E24}.Release|x64.ActiveCfg = Release|x64
		{BBA11E55-77E6-47E2-81F8-909326D89E24}.Release|x64.Build.0 = Release|x64
		{BBA11E55-77E6-47E2-81F8-909326D89E24}.Release|x86.ActiveCfg = Release|Win32
		{BBA11E55-77E6-47E2-81F8-909326D89E24}.Release|x86.Build.0 = Release|Win32
	EndGlobalSection
	GlobalSection(SolutionProperties) = preSolution
		HideSolutionNode = FALSE
	EndGlobalSection
	GlobalSection(ExtensibilityGlobals) = postSolution
		SolutionGuid = {4AB01883-D8D0-4664-9956-AA69A3FD1448}
	EndGlobalSection
EndGlobal
